// !$*UTF8*$!
{
	archiveVersion = 1;
	classes = {
	};
	objectVersion = 50;
	objects = {

/* Begin PBXAggregateTarget section */
		DB06236E2119AEB400EC03C5 /* Appium */ = {
			isa = PBXAggregateTarget;
			buildConfigurationList = DB06236F2119AEB400EC03C5 /* Build configuration list for PBXAggregateTarget "Appium" */;
			buildPhases = (
				DB0623742119AEC100EC03C5 /* CopyFiles */,
			);
			dependencies = (
				DB0623732119AEBF00EC03C5 /* PBXTargetDependency */,
			);
			name = Appium;
			productName = Appium;
		};
/* End PBXAggregateTarget section */

/* Begin PBXBuildFile section */
		23A5C5380BA2CC27183D3125 /* EarlGrey.framework in Frameworks */ = {isa = PBXBuildFile; fileRef = 233B0BD9DA3E03442468B052 /* EarlGrey.framework */; };
		4C751CFB359EE1A00F601FB9 /* EarlGrey.framework in EarlGrey Copy Files */ = {isa = PBXBuildFile; fileRef = 233B0BD9DA3E03442468B052 /* EarlGrey.framework */; settings = {ATTRIBUTES = (CodeSignOnCopy, ); }; };
		4E78A15D365E82F38DC6F4FF /* Pods_WhereIsMyRick.framework in Frameworks */ = {isa = PBXBuildFile; fileRef = 699753CE03E73AAF3B8F32FF /* Pods_WhereIsMyRick.framework */; };
		633DB051DA384C4035915EDB /* Pods_EarlGrey.framework in Frameworks */ = {isa = PBXBuildFile; fileRef = BCC2316886A6CCD5C1141EF3 /* Pods_EarlGrey.framework */; };
		DB0623752119AED800EC03C5 /* WhereIsMyRick.app in CopyFiles */ = {isa = PBXBuildFile; fileRef = DB270C6C2113131B00EE2CDC /* WhereIsMyRick.app */; settings = {ATTRIBUTES = (RemoveHeadersOnCopy, ); }; };
		DB270C702113131B00EE2CDC /* AppDelegate.swift in Sources */ = {isa = PBXBuildFile; fileRef = DB270C6F2113131B00EE2CDC /* AppDelegate.swift */; };
		DB270C722113131B00EE2CDC /* ViewController.swift in Sources */ = {isa = PBXBuildFile; fileRef = DB270C712113131B00EE2CDC /* ViewController.swift */; };
		DB270C752113131B00EE2CDC /* Main.storyboard in Resources */ = {isa = PBXBuildFile; fileRef = DB270C732113131B00EE2CDC /* Main.storyboard */; };
		DB270C772113131E00EE2CDC /* Assets.xcassets in Resources */ = {isa = PBXBuildFile; fileRef = DB270C762113131E00EE2CDC /* Assets.xcassets */; };
		DB270C7A2113131E00EE2CDC /* LaunchScreen.storyboard in Resources */ = {isa = PBXBuildFile; fileRef = DB270C782113131E00EE2CDC /* LaunchScreen.storyboard */; };
		DB270C82211335B900EE2CDC /* Entities.swift in Sources */ = {isa = PBXBuildFile; fileRef = DB270C81211335B900EE2CDC /* Entities.swift */; };
		DB270C84211336E600EE2CDC /* SearchEngine.swift in Sources */ = {isa = PBXBuildFile; fileRef = DB270C83211336E600EE2CDC /* SearchEngine.swift */; };
		DB270C86211339AA00EE2CDC /* CollectionManager.swift in Sources */ = {isa = PBXBuildFile; fileRef = DB270C85211339AA00EE2CDC /* CollectionManager.swift */; };
		DB270C8921133C5F00EE2CDC /* MovieCell.swift in Sources */ = {isa = PBXBuildFile; fileRef = DB270C8721133C5E00EE2CDC /* MovieCell.swift */; };
		DB270C8A21133C5F00EE2CDC /* MovieCell.xib in Resources */ = {isa = PBXBuildFile; fileRef = DB270C8821133C5F00EE2CDC /* MovieCell.xib */; };
		DB447C20214291920090B816 /* CollectionManager.swift in Sources */ = {isa = PBXBuildFile; fileRef = DB270C85211339AA00EE2CDC /* CollectionManager.swift */; };
		DB447C21214291920090B816 /* Entities.swift in Sources */ = {isa = PBXBuildFile; fileRef = DB270C81211335B900EE2CDC /* Entities.swift */; };
		DB447C22214291920090B816 /* SearchEngine.swift in Sources */ = {isa = PBXBuildFile; fileRef = DB270C83211336E600EE2CDC /* SearchEngine.swift */; };
		DB447C23214291920090B816 /* MovieCell.swift in Sources */ = {isa = PBXBuildFile; fileRef = DB270C8721133C5E00EE2CDC /* MovieCell.swift */; };
		DB447C24214291920090B816 /* ViewController.swift in Sources */ = {isa = PBXBuildFile; fileRef = DB270C712113131B00EE2CDC /* ViewController.swift */; };
		DB447C25214291920090B816 /* AppDelegate.swift in Sources */ = {isa = PBXBuildFile; fileRef = DB270C6F2113131B00EE2CDC /* AppDelegate.swift */; };
		DB447C26214291920090B816 /* DetailViewController.swift in Sources */ = {isa = PBXBuildFile; fileRef = DBA7AD7F21146BA900137296 /* DetailViewController.swift */; };
		DB447C27214291920090B816 /* Constants.swift in Sources */ = {isa = PBXBuildFile; fileRef = DBA7AD952114907E00137296 /* Constants.swift */; };
		DB447C29214291920090B816 /* Pods_WhereIsMyRick.framework in Frameworks */ = {isa = PBXBuildFile; fileRef = 699753CE03E73AAF3B8F32FF /* Pods_WhereIsMyRick.framework */; };
		DB447C2B214291920090B816 /* LaunchScreen.storyboard in Resources */ = {isa = PBXBuildFile; fileRef = DB270C782113131E00EE2CDC /* LaunchScreen.storyboard */; };
		DB447C2C214291920090B816 /* Assets.xcassets in Resources */ = {isa = PBXBuildFile; fileRef = DB270C762113131E00EE2CDC /* Assets.xcassets */; };
		DB447C2D214291920090B816 /* DetailViewController.xib in Resources */ = {isa = PBXBuildFile; fileRef = DBA7AD8021146BA900137296 /* DetailViewController.xib */; };
		DB447C2E214291920090B816 /* Main.storyboard in Resources */ = {isa = PBXBuildFile; fileRef = DB270C732113131B00EE2CDC /* Main.storyboard */; };
		DB447C2F214291920090B816 /* MovieCell.xib in Resources */ = {isa = PBXBuildFile; fileRef = DB270C8821133C5F00EE2CDC /* MovieCell.xib */; };
		DB447C37214291AF0090B816 /* CFNetwork.framework in Frameworks */ = {isa = PBXBuildFile; fileRef = DB447C36214291AF0090B816 /* CFNetwork.framework */; };
		DBA7AD8121146BA900137296 /* DetailViewController.swift in Sources */ = {isa = PBXBuildFile; fileRef = DBA7AD7F21146BA900137296 /* DetailViewController.swift */; };
		DBA7AD8221146BA900137296 /* DetailViewController.xib in Resources */ = {isa = PBXBuildFile; fileRef = DBA7AD8021146BA900137296 /* DetailViewController.xib */; };
		DBA7AD92211487B400137296 /* KIFTests.swift in Sources */ = {isa = PBXBuildFile; fileRef = DBA7AD91211487B400137296 /* KIFTests.swift */; };
		DBA7AD9421148C0000137296 /* KIFSupport.swift in Sources */ = {isa = PBXBuildFile; fileRef = DBA7AD9321148C0000137296 /* KIFSupport.swift */; };
		DBA7AD962114907E00137296 /* Constants.swift in Sources */ = {isa = PBXBuildFile; fileRef = DBA7AD952114907E00137296 /* Constants.swift */; };
		DBA7AD9E2114977100137296 /* XCUITests.swift in Sources */ = {isa = PBXBuildFile; fileRef = DBA7AD9D2114977100137296 /* XCUITests.swift */; };
		DBA7ADA521149D0900137296 /* Constants.swift in Sources */ = {isa = PBXBuildFile; fileRef = DBA7AD952114907E00137296 /* Constants.swift */; };
		DBA7ADAD2114A8AA00137296 /* EarlGrey.swift in Sources */ = {isa = PBXBuildFile; fileRef = DBA7ADAC2114A8AA00137296 /* EarlGrey.swift */; };
		DBA7ADB92114AAA200137296 /* Matcher.swift in Sources */ = {isa = PBXBuildFile; fileRef = DBA7ADB62114AAA200137296 /* Matcher.swift */; };
		DBA7ADBA2114AAA200137296 /* Action.swift in Sources */ = {isa = PBXBuildFile; fileRef = DBA7ADB72114AAA200137296 /* Action.swift */; };
		DBA7ADBC2114AB0300137296 /* EarlGreyTests.swift in Sources */ = {isa = PBXBuildFile; fileRef = DBA7ADBB2114AB0300137296 /* EarlGreyTests.swift */; };
		DBE5FAC321429D960098DAC8 /* Calabash.app in CopyFiles */ = {isa = PBXBuildFile; fileRef = DB447C34214291920090B816 /* Calabash.app */; };
		ECEDE89016AF2306696671EF /* Pods_KIF.framework in Frameworks */ = {isa = PBXBuildFile; fileRef = 52559AEBB28190ADA08E3976 /* Pods_KIF.framework */; };
		F6972207ADAE4EF2337EE736 /* Pods_Calabash.framework in Frameworks */ = {isa = PBXBuildFile; fileRef = 011C46470D28A1F442913172 /* Pods_Calabash.framework */; };
/* End PBXBuildFile section */

/* Begin PBXContainerItemProxy section */
		DB0623722119AEBF00EC03C5 /* PBXContainerItemProxy */ = {
			isa = PBXContainerItemProxy;
			containerPortal = DB270C642113131B00EE2CDC /* Project object */;
			proxyType = 1;
			remoteGlobalIDString = DB270C6B2113131B00EE2CDC;
			remoteInfo = WhereIsMyRick;
		};
		DBA7AD8C211480BF00137296 /* PBXContainerItemProxy */ = {
			isa = PBXContainerItemProxy;
			containerPortal = DB270C642113131B00EE2CDC /* Project object */;
			proxyType = 1;
			remoteGlobalIDString = DB270C6B2113131B00EE2CDC;
			remoteInfo = WhereIsMyRick;
		};
		DBA7ADA02114977100137296 /* PBXContainerItemProxy */ = {
			isa = PBXContainerItemProxy;
			containerPortal = DB270C642113131B00EE2CDC /* Project object */;
			proxyType = 1;
			remoteGlobalIDString = DB270C6B2113131B00EE2CDC;
			remoteInfo = WhereIsMyRick;
		};
		DBA7ADAF2114A8AB00137296 /* PBXContainerItemProxy */ = {
			isa = PBXContainerItemProxy;
			containerPortal = DB270C642113131B00EE2CDC /* Project object */;
			proxyType = 1;
			remoteGlobalIDString = DB270C6B2113131B00EE2CDC;
			remoteInfo = WhereIsMyRick;
		};
/* End PBXContainerItemProxy section */

/* Begin PBXCopyFilesBuildPhase section */
		CDB09A4252C1D1118B6E25D5 /* EarlGrey Copy Files */ = {
			isa = PBXCopyFilesBuildPhase;
			buildActionMask = 2147483647;
			dstPath = "$(TEST_HOST)/../";
			dstSubfolderSpec = 0;
			files = (
				4C751CFB359EE1A00F601FB9 /* EarlGrey.framework in EarlGrey Copy Files */,
			);
			name = "EarlGrey Copy Files";
			runOnlyForDeploymentPostprocessing = 0;
		};
		DB0623742119AEC100EC03C5 /* CopyFiles */ = {
			isa = PBXCopyFilesBuildPhase;
			buildActionMask = 2147483647;
			dstPath = "${SRCROOT}/Appium";
			dstSubfolderSpec = 0;
			files = (
				DB0623752119AED800EC03C5 /* WhereIsMyRick.app in CopyFiles */,
			);
			runOnlyForDeploymentPostprocessing = 0;
		};
		DBE5FAC221429D7C0098DAC8 /* CopyFiles */ = {
			isa = PBXCopyFilesBuildPhase;
			buildActionMask = 2147483647;
			dstPath = "${SRCROOT}/Calabash";
			dstSubfolderSpec = 0;
			files = (
				DBE5FAC321429D960098DAC8 /* Calabash.app in CopyFiles */,
			);
			runOnlyForDeploymentPostprocessing = 0;
		};
/* End PBXCopyFilesBuildPhase section */

/* Begin PBXFileReference section */
		011C46470D28A1F442913172 /* Pods_Calabash.framework */ = {isa = PBXFileReference; explicitFileType = wrapper.framework; includeInIndex = 0; path = Pods_Calabash.framework; sourceTree = BUILT_PRODUCTS_DIR; };
		102A442E6542B70CB2E82FC3 /* Pods-Calabash.debug.xcconfig */ = {isa = PBXFileReference; includeInIndex = 1; lastKnownFileType = text.xcconfig; name = "Pods-Calabash.debug.xcconfig"; path = "Pods/Target Support Files/Pods-Calabash/Pods-Calabash.debug.xcconfig"; sourceTree = "<group>"; };
		233B0BD9DA3E03442468B052 /* EarlGrey.framework */ = {isa = PBXFileReference; lastKnownFileType = wrapper.framework; name = EarlGrey.framework; path = Pods/EarlGrey/EarlGrey/EarlGrey.framework; sourceTree = SOURCE_ROOT; };
		431D9F867199D9E2CBCBC30C /* Pods-KIF.debug.xcconfig */ = {isa = PBXFileReference; includeInIndex = 1; lastKnownFileType = text.xcconfig; name = "Pods-KIF.debug.xcconfig"; path = "Pods/Target Support Files/Pods-KIF/Pods-KIF.debug.xcconfig"; sourceTree = "<group>"; };
		47A3E8BA13F8C543C4E1971E /* Pods-WhereIsMyRick.release.xcconfig */ = {isa = PBXFileReference; includeInIndex = 1; lastKnownFileType = text.xcconfig; name = "Pods-WhereIsMyRick.release.xcconfig"; path = "Pods/Target Support Files/Pods-WhereIsMyRick/Pods-WhereIsMyRick.release.xcconfig"; sourceTree = "<group>"; };
		52559AEBB28190ADA08E3976 /* Pods_KIF.framework */ = {isa = PBXFileReference; explicitFileType = wrapper.framework; includeInIndex = 0; path = Pods_KIF.framework; sourceTree = BUILT_PRODUCTS_DIR; };
		5750C1E65A97C4E938C412F6 /* Pods-KIF.release.xcconfig */ = {isa = PBXFileReference; includeInIndex = 1; lastKnownFileType = text.xcconfig; name = "Pods-KIF.release.xcconfig"; path = "Pods/Target Support Files/Pods-KIF/Pods-KIF.release.xcconfig"; sourceTree = "<group>"; };
		699753CE03E73AAF3B8F32FF /* Pods_WhereIsMyRick.framework */ = {isa = PBXFileReference; explicitFileType = wrapper.framework; includeInIndex = 0; path = Pods_WhereIsMyRick.framework; sourceTree = BUILT_PRODUCTS_DIR; };
		6B7FA9A2C253D182F2BE379F /* Pods-WhereIsMyRick.debug.xcconfig */ = {isa = PBXFileReference; includeInIndex = 1; lastKnownFileType = text.xcconfig; name = "Pods-WhereIsMyRick.debug.xcconfig"; path = "Pods/Target Support Files/Pods-WhereIsMyRick/Pods-WhereIsMyRick.debug.xcconfig"; sourceTree = "<group>"; };
		BC2701D6275EA91A8399E6A5 /* Pods_XCUITests.framework */ = {isa = PBXFileReference; explicitFileType = wrapper.framework; includeInIndex = 0; path = Pods_XCUITests.framework; sourceTree = BUILT_PRODUCTS_DIR; };
		BCC2316886A6CCD5C1141EF3 /* Pods_EarlGrey.framework */ = {isa = PBXFileReference; explicitFileType = wrapper.framework; includeInIndex = 0; path = Pods_EarlGrey.framework; sourceTree = BUILT_PRODUCTS_DIR; };
		C651BA17CA625C2FA7822B26 /* Pods-Calabash.release.xcconfig */ = {isa = PBXFileReference; includeInIndex = 1; lastKnownFileType = text.xcconfig; name = "Pods-Calabash.release.xcconfig"; path = "Pods/Target Support Files/Pods-Calabash/Pods-Calabash.release.xcconfig"; sourceTree = "<group>"; };
		DB270C6C2113131B00EE2CDC /* WhereIsMyRick.app */ = {isa = PBXFileReference; explicitFileType = wrapper.application; includeInIndex = 0; path = WhereIsMyRick.app; sourceTree = BUILT_PRODUCTS_DIR; };
		DB270C6F2113131B00EE2CDC /* AppDelegate.swift */ = {isa = PBXFileReference; lastKnownFileType = sourcecode.swift; path = AppDelegate.swift; sourceTree = "<group>"; };
		DB270C712113131B00EE2CDC /* ViewController.swift */ = {isa = PBXFileReference; lastKnownFileType = sourcecode.swift; path = ViewController.swift; sourceTree = "<group>"; };
		DB270C742113131B00EE2CDC /* Base */ = {isa = PBXFileReference; lastKnownFileType = file.storyboard; name = Base; path = Base.lproj/Main.storyboard; sourceTree = "<group>"; };
		DB270C762113131E00EE2CDC /* Assets.xcassets */ = {isa = PBXFileReference; lastKnownFileType = folder.assetcatalog; path = Assets.xcassets; sourceTree = "<group>"; };
		DB270C792113131E00EE2CDC /* Base */ = {isa = PBXFileReference; lastKnownFileType = file.storyboard; name = Base; path = Base.lproj/LaunchScreen.storyboard; sourceTree = "<group>"; };
		DB270C7B2113131E00EE2CDC /* Info.plist */ = {isa = PBXFileReference; lastKnownFileType = text.plist.xml; path = Info.plist; sourceTree = "<group>"; };
		DB270C81211335B900EE2CDC /* Entities.swift */ = {isa = PBXFileReference; lastKnownFileType = sourcecode.swift; path = Entities.swift; sourceTree = "<group>"; };
		DB270C83211336E600EE2CDC /* SearchEngine.swift */ = {isa = PBXFileReference; lastKnownFileType = sourcecode.swift; path = SearchEngine.swift; sourceTree = "<group>"; };
		DB270C85211339AA00EE2CDC /* CollectionManager.swift */ = {isa = PBXFileReference; lastKnownFileType = sourcecode.swift; path = CollectionManager.swift; sourceTree = "<group>"; };
		DB270C8721133C5E00EE2CDC /* MovieCell.swift */ = {isa = PBXFileReference; lastKnownFileType = sourcecode.swift; path = MovieCell.swift; sourceTree = "<group>"; };
		DB270C8821133C5F00EE2CDC /* MovieCell.xib */ = {isa = PBXFileReference; lastKnownFileType = file.xib; path = MovieCell.xib; sourceTree = "<group>"; };
		DB447C34214291920090B816 /* Calabash.app */ = {isa = PBXFileReference; explicitFileType = wrapper.application; includeInIndex = 0; path = Calabash.app; sourceTree = BUILT_PRODUCTS_DIR; };
		DB447C36214291AF0090B816 /* CFNetwork.framework */ = {isa = PBXFileReference; lastKnownFileType = wrapper.framework; name = CFNetwork.framework; path = System/Library/Frameworks/CFNetwork.framework; sourceTree = SDKROOT; };
		DBA7AD7F21146BA900137296 /* DetailViewController.swift */ = {isa = PBXFileReference; lastKnownFileType = sourcecode.swift; path = DetailViewController.swift; sourceTree = "<group>"; };
		DBA7AD8021146BA900137296 /* DetailViewController.xib */ = {isa = PBXFileReference; lastKnownFileType = file.xib; path = DetailViewController.xib; sourceTree = "<group>"; };
		DBA7AD87211480BF00137296 /* KIFTests.xctest */ = {isa = PBXFileReference; explicitFileType = wrapper.cfbundle; includeInIndex = 0; path = KIFTests.xctest; sourceTree = BUILT_PRODUCTS_DIR; };
		DBA7AD8B211480BF00137296 /* Info.plist */ = {isa = PBXFileReference; lastKnownFileType = text.plist.xml; path = Info.plist; sourceTree = "<group>"; };
		DBA7AD91211487B400137296 /* KIFTests.swift */ = {isa = PBXFileReference; lastKnownFileType = sourcecode.swift; path = KIFTests.swift; sourceTree = "<group>"; };
		DBA7AD9321148C0000137296 /* KIFSupport.swift */ = {isa = PBXFileReference; lastKnownFileType = sourcecode.swift; path = KIFSupport.swift; sourceTree = "<group>"; };
		DBA7AD952114907E00137296 /* Constants.swift */ = {isa = PBXFileReference; lastKnownFileType = sourcecode.swift; path = Constants.swift; sourceTree = "<group>"; };
		DBA7AD9B2114977100137296 /* XCUITests.xctest */ = {isa = PBXFileReference; explicitFileType = wrapper.cfbundle; includeInIndex = 0; path = XCUITests.xctest; sourceTree = BUILT_PRODUCTS_DIR; };
		DBA7AD9D2114977100137296 /* XCUITests.swift */ = {isa = PBXFileReference; lastKnownFileType = sourcecode.swift; path = XCUITests.swift; sourceTree = "<group>"; };
		DBA7AD9F2114977100137296 /* Info.plist */ = {isa = PBXFileReference; lastKnownFileType = text.plist.xml; path = Info.plist; sourceTree = "<group>"; };
		DBA7ADAA2114A8AA00137296 /* EarlGreyTests.xctest */ = {isa = PBXFileReference; explicitFileType = wrapper.cfbundle; includeInIndex = 0; path = EarlGreyTests.xctest; sourceTree = BUILT_PRODUCTS_DIR; };
		DBA7ADAC2114A8AA00137296 /* EarlGrey.swift */ = {isa = PBXFileReference; lastKnownFileType = sourcecode.swift; path = EarlGrey.swift; sourceTree = "<group>"; };
		DBA7ADAE2114A8AB00137296 /* Info.plist */ = {isa = PBXFileReference; lastKnownFileType = text.plist.xml; path = Info.plist; sourceTree = "<group>"; };
		DBA7ADB62114AAA200137296 /* Matcher.swift */ = {isa = PBXFileReference; fileEncoding = 4; lastKnownFileType = sourcecode.swift; path = Matcher.swift; sourceTree = "<group>"; };
		DBA7ADB72114AAA200137296 /* Action.swift */ = {isa = PBXFileReference; fileEncoding = 4; lastKnownFileType = sourcecode.swift; path = Action.swift; sourceTree = "<group>"; };
		DBA7ADBB2114AB0300137296 /* EarlGreyTests.swift */ = {isa = PBXFileReference; lastKnownFileType = sourcecode.swift; path = EarlGreyTests.swift; sourceTree = "<group>"; };
		DF9878C99B7E94BA8B0BBC39 /* Pods-EarlGrey.debug.xcconfig */ = {isa = PBXFileReference; includeInIndex = 1; lastKnownFileType = text.xcconfig; name = "Pods-EarlGrey.debug.xcconfig"; path = "Pods/Target Support Files/Pods-EarlGrey/Pods-EarlGrey.debug.xcconfig"; sourceTree = "<group>"; };
		F93CBFF53F58E669ACA38291 /* Pods-EarlGrey.release.xcconfig */ = {isa = PBXFileReference; includeInIndex = 1; lastKnownFileType = text.xcconfig; name = "Pods-EarlGrey.release.xcconfig"; path = "Pods/Target Support Files/Pods-EarlGrey/Pods-EarlGrey.release.xcconfig"; sourceTree = "<group>"; };
/* End PBXFileReference section */

/* Begin PBXFrameworksBuildPhase section */
		DB270C692113131B00EE2CDC /* Frameworks */ = {
			isa = PBXFrameworksBuildPhase;
			buildActionMask = 2147483647;
			files = (
				4E78A15D365E82F38DC6F4FF /* Pods_WhereIsMyRick.framework in Frameworks */,
			);
			runOnlyForDeploymentPostprocessing = 0;
		};
		DB447C28214291920090B816 /* Frameworks */ = {
			isa = PBXFrameworksBuildPhase;
			buildActionMask = 2147483647;
			files = (
				DB447C37214291AF0090B816 /* CFNetwork.framework in Frameworks */,
				DB447C29214291920090B816 /* Pods_WhereIsMyRick.framework in Frameworks */,
				F6972207ADAE4EF2337EE736 /* Pods_Calabash.framework in Frameworks */,
			);
			runOnlyForDeploymentPostprocessing = 0;
		};
		DBA7AD84211480BF00137296 /* Frameworks */ = {
			isa = PBXFrameworksBuildPhase;
			buildActionMask = 2147483647;
			files = (
				ECEDE89016AF2306696671EF /* Pods_KIF.framework in Frameworks */,
			);
			runOnlyForDeploymentPostprocessing = 0;
		};
		DBA7AD982114977100137296 /* Frameworks */ = {
			isa = PBXFrameworksBuildPhase;
			buildActionMask = 2147483647;
			files = (
			);
			runOnlyForDeploymentPostprocessing = 0;
		};
		DBA7ADA72114A8AA00137296 /* Frameworks */ = {
			isa = PBXFrameworksBuildPhase;
			buildActionMask = 2147483647;
			files = (
				23A5C5380BA2CC27183D3125 /* EarlGrey.framework in Frameworks */,
				633DB051DA384C4035915EDB /* Pods_EarlGrey.framework in Frameworks */,
			);
			runOnlyForDeploymentPostprocessing = 0;
		};
/* End PBXFrameworksBuildPhase section */

/* Begin PBXGroup section */
		1AB027E660C228D9E87FBF72 /* Frameworks */ = {
			isa = PBXGroup;
			children = (
				DB447C36214291AF0090B816 /* CFNetwork.framework */,
				699753CE03E73AAF3B8F32FF /* Pods_WhereIsMyRick.framework */,
				52559AEBB28190ADA08E3976 /* Pods_KIF.framework */,
				BC2701D6275EA91A8399E6A5 /* Pods_XCUITests.framework */,
				233B0BD9DA3E03442468B052 /* EarlGrey.framework */,
				BCC2316886A6CCD5C1141EF3 /* Pods_EarlGrey.framework */,
				011C46470D28A1F442913172 /* Pods_Calabash.framework */,
			);
			name = Frameworks;
			sourceTree = "<group>";
		};
		45B1733434293F1EB2496F05 /* Pods */ = {
			isa = PBXGroup;
			children = (
				6B7FA9A2C253D182F2BE379F /* Pods-WhereIsMyRick.debug.xcconfig */,
				47A3E8BA13F8C543C4E1971E /* Pods-WhereIsMyRick.release.xcconfig */,
				431D9F867199D9E2CBCBC30C /* Pods-KIF.debug.xcconfig */,
				5750C1E65A97C4E938C412F6 /* Pods-KIF.release.xcconfig */,
				DF9878C99B7E94BA8B0BBC39 /* Pods-EarlGrey.debug.xcconfig */,
				F93CBFF53F58E669ACA38291 /* Pods-EarlGrey.release.xcconfig */,
				102A442E6542B70CB2E82FC3 /* Pods-Calabash.debug.xcconfig */,
				C651BA17CA625C2FA7822B26 /* Pods-Calabash.release.xcconfig */,
			);
			name = Pods;
			sourceTree = "<group>";
		};
		DB270C632113131B00EE2CDC = {
			isa = PBXGroup;
			children = (
				DBE5FAC1214293A00098DAC8 /* Calabash */,
				DB5CE6982114C39800E6190D /* Appium */,
				DB270C6E2113131B00EE2CDC /* WhereIsMyRick */,
				DBA7AD88211480BF00137296 /* KIF */,
				DBA7AD9C2114977100137296 /* XCUITests */,
				DBA7ADAB2114A8AA00137296 /* EarlGrey */,
				DB270C6D2113131B00EE2CDC /* Products */,
				45B1733434293F1EB2496F05 /* Pods */,
				1AB027E660C228D9E87FBF72 /* Frameworks */,
			);
			sourceTree = "<group>";
		};
		DB270C6D2113131B00EE2CDC /* Products */ = {
			isa = PBXGroup;
			children = (
				DB270C6C2113131B00EE2CDC /* WhereIsMyRick.app */,
				DBA7AD87211480BF00137296 /* KIFTests.xctest */,
				DBA7AD9B2114977100137296 /* XCUITests.xctest */,
				DBA7ADAA2114A8AA00137296 /* EarlGreyTests.xctest */,
				DB447C34214291920090B816 /* Calabash.app */,
			);
			name = Products;
			sourceTree = "<group>";
		};
		DB270C6E2113131B00EE2CDC /* WhereIsMyRick */ = {
			isa = PBXGroup;
			children = (
				DB270C6F2113131B00EE2CDC /* AppDelegate.swift */,
				DB270C81211335B900EE2CDC /* Entities.swift */,
				DBA7AD7F21146BA900137296 /* DetailViewController.swift */,
				DBA7AD8021146BA900137296 /* DetailViewController.xib */,
				DB270C83211336E600EE2CDC /* SearchEngine.swift */,
				DB270C712113131B00EE2CDC /* ViewController.swift */,
				DB270C85211339AA00EE2CDC /* CollectionManager.swift */,
				DB270C732113131B00EE2CDC /* Main.storyboard */,
				DB270C762113131E00EE2CDC /* Assets.xcassets */,
				DB270C782113131E00EE2CDC /* LaunchScreen.storyboard */,
				DB270C7B2113131E00EE2CDC /* Info.plist */,
				DB270C8721133C5E00EE2CDC /* MovieCell.swift */,
				DB270C8821133C5F00EE2CDC /* MovieCell.xib */,
				DBA7AD952114907E00137296 /* Constants.swift */,
			);
			path = WhereIsMyRick;
			sourceTree = "<group>";
		};
		DB5CE6982114C39800E6190D /* Appium */ = {
			isa = PBXGroup;
			children = (
			);
			path = Appium;
			sourceTree = "<group>";
		};
		DBA7AD88211480BF00137296 /* KIF */ = {
			isa = PBXGroup;
			children = (
				DBA7AD9321148C0000137296 /* KIFSupport.swift */,
				DBA7AD8B211480BF00137296 /* Info.plist */,
				DBA7AD91211487B400137296 /* KIFTests.swift */,
			);
			path = KIF;
			sourceTree = "<group>";
		};
		DBA7AD9C2114977100137296 /* XCUITests */ = {
			isa = PBXGroup;
			children = (
				DBA7AD9D2114977100137296 /* XCUITests.swift */,
				DBA7AD9F2114977100137296 /* Info.plist */,
			);
			path = XCUITests;
			sourceTree = "<group>";
		};
		DBA7ADAB2114A8AA00137296 /* EarlGrey */ = {
			isa = PBXGroup;
			children = (
				DBA7ADB42114AAA200137296 /* EarlGreyWrappers */,
				DBA7ADAC2114A8AA00137296 /* EarlGrey.swift */,
				DBA7ADBB2114AB0300137296 /* EarlGreyTests.swift */,
				DBA7ADAE2114A8AB00137296 /* Info.plist */,
			);
			path = EarlGrey;
			sourceTree = "<group>";
		};
		DBA7ADB42114AAA200137296 /* EarlGreyWrappers */ = {
			isa = PBXGroup;
			children = (
				DBA7ADB62114AAA200137296 /* Matcher.swift */,
				DBA7ADB72114AAA200137296 /* Action.swift */,
			);
			path = EarlGreyWrappers;
			sourceTree = "<group>";
		};
		DBE5FAC1214293A00098DAC8 /* Calabash */ = {
			isa = PBXGroup;
			children = (
			);
			path = Calabash;
			sourceTree = "<group>";
		};
/* End PBXGroup section */

/* Begin PBXNativeTarget section */
		DB270C6B2113131B00EE2CDC /* WhereIsMyRick */ = {
			isa = PBXNativeTarget;
			buildConfigurationList = DB270C7E2113131E00EE2CDC /* Build configuration list for PBXNativeTarget "WhereIsMyRick" */;
			buildPhases = (
				0343BCDCFAFDD8A3A88698E2 /* [CP] Check Pods Manifest.lock */,
				DB270C682113131B00EE2CDC /* Sources */,
				DB270C692113131B00EE2CDC /* Frameworks */,
				DB270C6A2113131B00EE2CDC /* Resources */,
				544B3EB35C2E976654316DD1 /* [CP] Embed Pods Frameworks */,
			);
			buildRules = (
			);
			dependencies = (
			);
			name = WhereIsMyRick;
			productName = WhereIsMyRick;
			productReference = DB270C6C2113131B00EE2CDC /* WhereIsMyRick.app */;
			productType = "com.apple.product-type.application";
		};
		DB447C1D214291920090B816 /* Calabash */ = {
			isa = PBXNativeTarget;
			buildConfigurationList = DB447C31214291920090B816 /* Build configuration list for PBXNativeTarget "Calabash" */;
			buildPhases = (
				DB447C1E214291920090B816 /* [CP] Check Pods Manifest.lock */,
				DB447C1F214291920090B816 /* Sources */,
				DB447C28214291920090B816 /* Frameworks */,
				DB447C2A214291920090B816 /* Resources */,
				DB447C30214291920090B816 /* [CP] Embed Pods Frameworks */,
				DBE5FAC221429D7C0098DAC8 /* CopyFiles */,
			);
			buildRules = (
			);
			dependencies = (
			);
			name = Calabash;
			productName = WhereIsMyRick;
			productReference = DB447C34214291920090B816 /* Calabash.app */;
			productType = "com.apple.product-type.application";
		};
		DBA7AD86211480BF00137296 /* KIF */ = {
			isa = PBXNativeTarget;
			buildConfigurationList = DBA7AD8E211480BF00137296 /* Build configuration list for PBXNativeTarget "KIF" */;
			buildPhases = (
				C5CD5BF9906A85843B0B4EE0 /* [CP] Check Pods Manifest.lock */,
				DBA7AD83211480BF00137296 /* Sources */,
				DBA7AD84211480BF00137296 /* Frameworks */,
				DBA7AD85211480BF00137296 /* Resources */,
				7532F6AA3E35A5FC4AC5D596 /* [CP] Embed Pods Frameworks */,
			);
			buildRules = (
			);
			dependencies = (
				DBA7AD8D211480BF00137296 /* PBXTargetDependency */,
			);
			name = KIF;
			productName = KIF;
			productReference = DBA7AD87211480BF00137296 /* KIFTests.xctest */;
			productType = "com.apple.product-type.bundle.unit-test";
		};
		DBA7AD9A2114977100137296 /* XCUITests */ = {
			isa = PBXNativeTarget;
			buildConfigurationList = DBA7ADA22114977100137296 /* Build configuration list for PBXNativeTarget "XCUITests" */;
			buildPhases = (
				DBA7AD972114977100137296 /* Sources */,
				DBA7AD982114977100137296 /* Frameworks */,
				DBA7AD992114977100137296 /* Resources */,
			);
			buildRules = (
			);
			dependencies = (
				DBA7ADA12114977100137296 /* PBXTargetDependency */,
			);
			name = XCUITests;
			productName = XCUITests;
			productReference = DBA7AD9B2114977100137296 /* XCUITests.xctest */;
			productType = "com.apple.product-type.bundle.ui-testing";
		};
		DBA7ADA92114A8AA00137296 /* EarlGrey */ = {
			isa = PBXNativeTarget;
			buildConfigurationList = DBA7ADB32114A8AB00137296 /* Build configuration list for PBXNativeTarget "EarlGrey" */;
			buildPhases = (
				17A14FD4BE6D32D6DE5788C2 /* [CP] Check Pods Manifest.lock */,
				DBA7ADA62114A8AA00137296 /* Sources */,
				DBA7ADA72114A8AA00137296 /* Frameworks */,
				DBA7ADA82114A8AA00137296 /* Resources */,
				CDB09A4252C1D1118B6E25D5 /* EarlGrey Copy Files */,
				1CC8CE00AE5AD4BDF66EFF9A /* [CP] Embed Pods Frameworks */,
			);
			buildRules = (
			);
			dependencies = (
				DBA7ADB02114A8AB00137296 /* PBXTargetDependency */,
			);
			name = EarlGrey;
			productName = EarlGrey;
			productReference = DBA7ADAA2114A8AA00137296 /* EarlGreyTests.xctest */;
			productType = "com.apple.product-type.bundle.unit-test";
		};
/* End PBXNativeTarget section */

/* Begin PBXProject section */
		DB270C642113131B00EE2CDC /* Project object */ = {
			isa = PBXProject;
			attributes = {
				LastSwiftUpdateCheck = 1000;
				LastUpgradeCheck = 0940;
				ORGANIZATIONNAME = showmax;
				TargetAttributes = {
					DB06236E2119AEB400EC03C5 = {
						CreatedOnToolsVersion = 10.0;
					};
					DB270C6B2113131B00EE2CDC = {
						CreatedOnToolsVersion = 9.4.1;
					};
					DBA7AD86211480BF00137296 = {
						CreatedOnToolsVersion = 10.0;
						LastSwiftMigration = 1000;
						TestTargetID = DB270C6B2113131B00EE2CDC;
					};
					DBA7AD9A2114977100137296 = {
						CreatedOnToolsVersion = 10.0;
						TestTargetID = DB270C6B2113131B00EE2CDC;
					};
					DBA7ADA92114A8AA00137296 = {
						CreatedOnToolsVersion = 10.0;
						TestTargetID = DB270C6B2113131B00EE2CDC;
					};
				};
			};
			buildConfigurationList = DB270C672113131B00EE2CDC /* Build configuration list for PBXProject "WhereIsMyRick" */;
			compatibilityVersion = "Xcode 9.3";
			developmentRegion = en;
			hasScannedForEncodings = 0;
			knownRegions = (
				en,
				Base,
			);
			mainGroup = DB270C632113131B00EE2CDC;
			productRefGroup = DB270C6D2113131B00EE2CDC /* Products */;
			projectDirPath = "";
			projectRoot = "";
			targets = (
				DB270C6B2113131B00EE2CDC /* WhereIsMyRick */,
				DBA7AD86211480BF00137296 /* KIF */,
				DBA7AD9A2114977100137296 /* XCUITests */,
				DBA7ADA92114A8AA00137296 /* EarlGrey */,
				DB06236E2119AEB400EC03C5 /* Appium */,
				DB447C1D214291920090B816 /* Calabash */,
			);
		};
/* End PBXProject section */

/* Begin PBXResourcesBuildPhase section */
		DB270C6A2113131B00EE2CDC /* Resources */ = {
			isa = PBXResourcesBuildPhase;
			buildActionMask = 2147483647;
			files = (
				DB270C7A2113131E00EE2CDC /* LaunchScreen.storyboard in Resources */,
				DB270C772113131E00EE2CDC /* Assets.xcassets in Resources */,
				DBA7AD8221146BA900137296 /* DetailViewController.xib in Resources */,
				DB270C752113131B00EE2CDC /* Main.storyboard in Resources */,
				DB270C8A21133C5F00EE2CDC /* MovieCell.xib in Resources */,
			);
			runOnlyForDeploymentPostprocessing = 0;
		};
		DB447C2A214291920090B816 /* Resources */ = {
			isa = PBXResourcesBuildPhase;
			buildActionMask = 2147483647;
			files = (
				DB447C2B214291920090B816 /* LaunchScreen.storyboard in Resources */,
				DB447C2C214291920090B816 /* Assets.xcassets in Resources */,
				DB447C2D214291920090B816 /* DetailViewController.xib in Resources */,
				DB447C2E214291920090B816 /* Main.storyboard in Resources */,
				DB447C2F214291920090B816 /* MovieCell.xib in Resources */,
			);
			runOnlyForDeploymentPostprocessing = 0;
		};
		DBA7AD85211480BF00137296 /* Resources */ = {
			isa = PBXResourcesBuildPhase;
			buildActionMask = 2147483647;
			files = (
			);
			runOnlyForDeploymentPostprocessing = 0;
		};
		DBA7AD992114977100137296 /* Resources */ = {
			isa = PBXResourcesBuildPhase;
			buildActionMask = 2147483647;
			files = (
			);
			runOnlyForDeploymentPostprocessing = 0;
		};
		DBA7ADA82114A8AA00137296 /* Resources */ = {
			isa = PBXResourcesBuildPhase;
			buildActionMask = 2147483647;
			files = (
			);
			runOnlyForDeploymentPostprocessing = 0;
		};
/* End PBXResourcesBuildPhase section */

/* Begin PBXShellScriptBuildPhase section */
		0343BCDCFAFDD8A3A88698E2 /* [CP] Check Pods Manifest.lock */ = {
			isa = PBXShellScriptBuildPhase;
			buildActionMask = 2147483647;
			files = (
			);
			inputPaths = (
				"${PODS_PODFILE_DIR_PATH}/Podfile.lock",
				"${PODS_ROOT}/Manifest.lock",
			);
			name = "[CP] Check Pods Manifest.lock";
			outputPaths = (
				"$(DERIVED_FILE_DIR)/Pods-WhereIsMyRick-checkManifestLockResult.txt",
			);
			runOnlyForDeploymentPostprocessing = 0;
			shellPath = /bin/sh;
			shellScript = "diff \"${PODS_PODFILE_DIR_PATH}/Podfile.lock\" \"${PODS_ROOT}/Manifest.lock\" > /dev/null\nif [ $? != 0 ] ; then\n    # print error to STDERR\n    echo \"error: The sandbox is not in sync with the Podfile.lock. Run 'pod install' or update your CocoaPods installation.\" >&2\n    exit 1\nfi\n# This output is used by Xcode 'outputs' to avoid re-running this script phase.\necho \"SUCCESS\" > \"${SCRIPT_OUTPUT_FILE_0}\"\n";
			showEnvVarsInLog = 0;
		};
		17A14FD4BE6D32D6DE5788C2 /* [CP] Check Pods Manifest.lock */ = {
			isa = PBXShellScriptBuildPhase;
			buildActionMask = 2147483647;
			files = (
			);
			inputPaths = (
				"${PODS_PODFILE_DIR_PATH}/Podfile.lock",
				"${PODS_ROOT}/Manifest.lock",
			);
			name = "[CP] Check Pods Manifest.lock";
			outputPaths = (
				"$(DERIVED_FILE_DIR)/Pods-EarlGrey-checkManifestLockResult.txt",
			);
			runOnlyForDeploymentPostprocessing = 0;
			shellPath = /bin/sh;
			shellScript = "diff \"${PODS_PODFILE_DIR_PATH}/Podfile.lock\" \"${PODS_ROOT}/Manifest.lock\" > /dev/null\nif [ $? != 0 ] ; then\n    # print error to STDERR\n    echo \"error: The sandbox is not in sync with the Podfile.lock. Run 'pod install' or update your CocoaPods installation.\" >&2\n    exit 1\nfi\n# This output is used by Xcode 'outputs' to avoid re-running this script phase.\necho \"SUCCESS\" > \"${SCRIPT_OUTPUT_FILE_0}\"\n";
			showEnvVarsInLog = 0;
		};
		1CC8CE00AE5AD4BDF66EFF9A /* [CP] Embed Pods Frameworks */ = {
			isa = PBXShellScriptBuildPhase;
			buildActionMask = 2147483647;
			files = (
			);
			inputPaths = (
				"${SRCROOT}/Pods/Target Support Files/Pods-EarlGrey/Pods-EarlGrey-frameworks.sh",
				"${PODS_ROOT}/EarlGrey/EarlGrey/EarlGrey.framework",
			);
			name = "[CP] Embed Pods Frameworks";
			outputPaths = (
				"${TARGET_BUILD_DIR}/${FRAMEWORKS_FOLDER_PATH}/EarlGrey.framework",
			);
			runOnlyForDeploymentPostprocessing = 0;
			shellPath = /bin/sh;
			shellScript = "\"${SRCROOT}/Pods/Target Support Files/Pods-EarlGrey/Pods-EarlGrey-frameworks.sh\"\n";
			showEnvVarsInLog = 0;
		};
		544B3EB35C2E976654316DD1 /* [CP] Embed Pods Frameworks */ = {
			isa = PBXShellScriptBuildPhase;
			buildActionMask = 2147483647;
			files = (
			);
			inputPaths = (
				"${SRCROOT}/Pods/Target Support Files/Pods-WhereIsMyRick/Pods-WhereIsMyRick-frameworks.sh",
				"${BUILT_PRODUCTS_DIR}/Nuke/Nuke.framework",
				"${BUILT_PRODUCTS_DIR}/Result/Result.framework",
			);
			name = "[CP] Embed Pods Frameworks";
			outputPaths = (
				"${TARGET_BUILD_DIR}/${FRAMEWORKS_FOLDER_PATH}/Nuke.framework",
				"${TARGET_BUILD_DIR}/${FRAMEWORKS_FOLDER_PATH}/Result.framework",
			);
			runOnlyForDeploymentPostprocessing = 0;
			shellPath = /bin/sh;
			shellScript = "\"${SRCROOT}/Pods/Target Support Files/Pods-WhereIsMyRick/Pods-WhereIsMyRick-frameworks.sh\"\n";
			showEnvVarsInLog = 0;
		};
		7532F6AA3E35A5FC4AC5D596 /* [CP] Embed Pods Frameworks */ = {
			isa = PBXShellScriptBuildPhase;
			buildActionMask = 2147483647;
			files = (
			);
			inputPaths = (
				"${SRCROOT}/Pods/Target Support Files/Pods-KIF/Pods-KIF-frameworks.sh",
				"${BUILT_PRODUCTS_DIR}/KIF/KIF.framework",
			);
			name = "[CP] Embed Pods Frameworks";
			outputPaths = (
				"${TARGET_BUILD_DIR}/${FRAMEWORKS_FOLDER_PATH}/KIF.framework",
			);
			runOnlyForDeploymentPostprocessing = 0;
			shellPath = /bin/sh;
			shellScript = "\"${SRCROOT}/Pods/Target Support Files/Pods-KIF/Pods-KIF-frameworks.sh\"\n";
			showEnvVarsInLog = 0;
		};
		C5CD5BF9906A85843B0B4EE0 /* [CP] Check Pods Manifest.lock */ = {
			isa = PBXShellScriptBuildPhase;
			buildActionMask = 2147483647;
			files = (
			);
			inputPaths = (
				"${PODS_PODFILE_DIR_PATH}/Podfile.lock",
				"${PODS_ROOT}/Manifest.lock",
			);
			name = "[CP] Check Pods Manifest.lock";
			outputPaths = (
				"$(DERIVED_FILE_DIR)/Pods-KIF-checkManifestLockResult.txt",
			);
			runOnlyForDeploymentPostprocessing = 0;
			shellPath = /bin/sh;
			shellScript = "diff \"${PODS_PODFILE_DIR_PATH}/Podfile.lock\" \"${PODS_ROOT}/Manifest.lock\" > /dev/null\nif [ $? != 0 ] ; then\n    # print error to STDERR\n    echo \"error: The sandbox is not in sync with the Podfile.lock. Run 'pod install' or update your CocoaPods installation.\" >&2\n    exit 1\nfi\n# This output is used by Xcode 'outputs' to avoid re-running this script phase.\necho \"SUCCESS\" > \"${SCRIPT_OUTPUT_FILE_0}\"\n";
			showEnvVarsInLog = 0;
		};
		DB447C1E214291920090B816 /* [CP] Check Pods Manifest.lock */ = {
			isa = PBXShellScriptBuildPhase;
			buildActionMask = 2147483647;
			files = (
			);
			inputPaths = (
				"${PODS_PODFILE_DIR_PATH}/Podfile.lock",
				"${PODS_ROOT}/Manifest.lock",
			);
			name = "[CP] Check Pods Manifest.lock";
			outputPaths = (
				"$(DERIVED_FILE_DIR)/Pods-Calabash-checkManifestLockResult.txt",
			);
			runOnlyForDeploymentPostprocessing = 0;
			shellPath = /bin/sh;
			shellScript = "diff \"${PODS_PODFILE_DIR_PATH}/Podfile.lock\" \"${PODS_ROOT}/Manifest.lock\" > /dev/null\nif [ $? != 0 ] ; then\n    # print error to STDERR\n    echo \"error: The sandbox is not in sync with the Podfile.lock. Run 'pod install' or update your CocoaPods installation.\" >&2\n    exit 1\nfi\n# This output is used by Xcode 'outputs' to avoid re-running this script phase.\necho \"SUCCESS\" > \"${SCRIPT_OUTPUT_FILE_0}\"\n";
			showEnvVarsInLog = 0;
		};
		DB447C30214291920090B816 /* [CP] Embed Pods Frameworks */ = {
			isa = PBXShellScriptBuildPhase;
			buildActionMask = 2147483647;
			files = (
			);
			inputPaths = (
				"${SRCROOT}/Pods/Target Support Files/Pods-Calabash/Pods-Calabash-frameworks.sh",
				"${BUILT_PRODUCTS_DIR}/Nuke/Nuke.framework",
				"${BUILT_PRODUCTS_DIR}/Result/Result.framework",
			);
			name = "[CP] Embed Pods Frameworks";
			outputPaths = (
				"${TARGET_BUILD_DIR}/${FRAMEWORKS_FOLDER_PATH}/Nuke.framework",
				"${TARGET_BUILD_DIR}/${FRAMEWORKS_FOLDER_PATH}/Result.framework",
			);
			runOnlyForDeploymentPostprocessing = 0;
			shellPath = /bin/sh;
			shellScript = "\"${SRCROOT}/Pods/Target Support Files/Pods-Calabash/Pods-Calabash-frameworks.sh\"\n";
			showEnvVarsInLog = 0;
		};
/* End PBXShellScriptBuildPhase section */

/* Begin PBXSourcesBuildPhase section */
		DB270C682113131B00EE2CDC /* Sources */ = {
			isa = PBXSourcesBuildPhase;
			buildActionMask = 2147483647;
			files = (
				DB270C86211339AA00EE2CDC /* CollectionManager.swift in Sources */,
				DB270C82211335B900EE2CDC /* Entities.swift in Sources */,
				DB270C84211336E600EE2CDC /* SearchEngine.swift in Sources */,
				DB270C8921133C5F00EE2CDC /* MovieCell.swift in Sources */,
				DB270C722113131B00EE2CDC /* ViewController.swift in Sources */,
				DB270C702113131B00EE2CDC /* AppDelegate.swift in Sources */,
				DBA7AD8121146BA900137296 /* DetailViewController.swift in Sources */,
				DBA7AD962114907E00137296 /* Constants.swift in Sources */,
			);
			runOnlyForDeploymentPostprocessing = 0;
		};
		DB447C1F214291920090B816 /* Sources */ = {
			isa = PBXSourcesBuildPhase;
			buildActionMask = 2147483647;
			files = (
				DB447C20214291920090B816 /* CollectionManager.swift in Sources */,
				DB447C21214291920090B816 /* Entities.swift in Sources */,
				DB447C22214291920090B816 /* SearchEngine.swift in Sources */,
				DB447C23214291920090B816 /* MovieCell.swift in Sources */,
				DB447C24214291920090B816 /* ViewController.swift in Sources */,
				DB447C25214291920090B816 /* AppDelegate.swift in Sources */,
				DB447C26214291920090B816 /* DetailViewController.swift in Sources */,
				DB447C27214291920090B816 /* Constants.swift in Sources */,
			);
			runOnlyForDeploymentPostprocessing = 0;
		};
		DBA7AD83211480BF00137296 /* Sources */ = {
			isa = PBXSourcesBuildPhase;
			buildActionMask = 2147483647;
			files = (
				DBA7AD9421148C0000137296 /* KIFSupport.swift in Sources */,
				DBA7AD92211487B400137296 /* KIFTests.swift in Sources */,
			);
			runOnlyForDeploymentPostprocessing = 0;
		};
		DBA7AD972114977100137296 /* Sources */ = {
			isa = PBXSourcesBuildPhase;
			buildActionMask = 2147483647;
			files = (
				DBA7AD9E2114977100137296 /* XCUITests.swift in Sources */,
				DBA7ADA521149D0900137296 /* Constants.swift in Sources */,
			);
			runOnlyForDeploymentPostprocessing = 0;
		};
		DBA7ADA62114A8AA00137296 /* Sources */ = {
			isa = PBXSourcesBuildPhase;
			buildActionMask = 2147483647;
			files = (
				DBA7ADBC2114AB0300137296 /* EarlGreyTests.swift in Sources */,
				DBA7ADBA2114AAA200137296 /* Action.swift in Sources */,
				DBA7ADB92114AAA200137296 /* Matcher.swift in Sources */,
				DBA7ADAD2114A8AA00137296 /* EarlGrey.swift in Sources */,
			);
			runOnlyForDeploymentPostprocessing = 0;
		};
/* End PBXSourcesBuildPhase section */

/* Begin PBXTargetDependency section */
		DB0623732119AEBF00EC03C5 /* PBXTargetDependency */ = {
			isa = PBXTargetDependency;
			target = DB270C6B2113131B00EE2CDC /* WhereIsMyRick */;
			targetProxy = DB0623722119AEBF00EC03C5 /* PBXContainerItemProxy */;
		};
		DBA7AD8D211480BF00137296 /* PBXTargetDependency */ = {
			isa = PBXTargetDependency;
			target = DB270C6B2113131B00EE2CDC /* WhereIsMyRick */;
			targetProxy = DBA7AD8C211480BF00137296 /* PBXContainerItemProxy */;
		};
		DBA7ADA12114977100137296 /* PBXTargetDependency */ = {
			isa = PBXTargetDependency;
			target = DB270C6B2113131B00EE2CDC /* WhereIsMyRick */;
			targetProxy = DBA7ADA02114977100137296 /* PBXContainerItemProxy */;
		};
		DBA7ADB02114A8AB00137296 /* PBXTargetDependency */ = {
			isa = PBXTargetDependency;
			target = DB270C6B2113131B00EE2CDC /* WhereIsMyRick */;
			targetProxy = DBA7ADAF2114A8AB00137296 /* PBXContainerItemProxy */;
		};
/* End PBXTargetDependency section */

/* Begin PBXVariantGroup section */
		DB270C732113131B00EE2CDC /* Main.storyboard */ = {
			isa = PBXVariantGroup;
			children = (
				DB270C742113131B00EE2CDC /* Base */,
			);
			name = Main.storyboard;
			sourceTree = "<group>";
		};
		DB270C782113131E00EE2CDC /* LaunchScreen.storyboard */ = {
			isa = PBXVariantGroup;
			children = (
				DB270C792113131E00EE2CDC /* Base */,
			);
			name = LaunchScreen.storyboard;
			sourceTree = "<group>";
		};
/* End PBXVariantGroup section */

/* Begin XCBuildConfiguration section */
		DB0623702119AEB400EC03C5 /* Debug */ = {
			isa = XCBuildConfiguration;
			buildSettings = {
				CODE_SIGN_STYLE = Automatic;
				DEVELOPMENT_TEAM = C226648446;
				PRODUCT_NAME = "$(TARGET_NAME)";
			};
			name = Debug;
		};
		DB0623712119AEB400EC03C5 /* Release */ = {
			isa = XCBuildConfiguration;
			buildSettings = {
				CODE_SIGN_STYLE = Automatic;
				DEVELOPMENT_TEAM = C226648446;
				PRODUCT_NAME = "$(TARGET_NAME)";
			};
			name = Release;
		};
		DB270C7C2113131E00EE2CDC /* Debug */ = {
			isa = XCBuildConfiguration;
			buildSettings = {
				ALWAYS_SEARCH_USER_PATHS = NO;
				CLANG_ANALYZER_NONNULL = YES;
				CLANG_ANALYZER_NUMBER_OBJECT_CONVERSION = YES_AGGRESSIVE;
				CLANG_CXX_LANGUAGE_STANDARD = "gnu++14";
				CLANG_CXX_LIBRARY = "libc++";
				CLANG_ENABLE_MODULES = YES;
				CLANG_ENABLE_OBJC_ARC = YES;
				CLANG_ENABLE_OBJC_WEAK = YES;
				CLANG_WARN_BLOCK_CAPTURE_AUTORELEASING = YES;
				CLANG_WARN_BOOL_CONVERSION = YES;
				CLANG_WARN_COMMA = YES;
				CLANG_WARN_CONSTANT_CONVERSION = YES;
				CLANG_WARN_DEPRECATED_OBJC_IMPLEMENTATIONS = YES;
				CLANG_WARN_DIRECT_OBJC_ISA_USAGE = YES_ERROR;
				CLANG_WARN_DOCUMENTATION_COMMENTS = YES;
				CLANG_WARN_EMPTY_BODY = YES;
				CLANG_WARN_ENUM_CONVERSION = YES;
				CLANG_WARN_INFINITE_RECURSION = YES;
				CLANG_WARN_INT_CONVERSION = YES;
				CLANG_WARN_NON_LITERAL_NULL_CONVERSION = YES;
				CLANG_WARN_OBJC_IMPLICIT_RETAIN_SELF = YES;
				CLANG_WARN_OBJC_LITERAL_CONVERSION = YES;
				CLANG_WARN_OBJC_ROOT_CLASS = YES_ERROR;
				CLANG_WARN_RANGE_LOOP_ANALYSIS = YES;
				CLANG_WARN_STRICT_PROTOTYPES = YES;
				CLANG_WARN_SUSPICIOUS_MOVE = YES;
				CLANG_WARN_UNGUARDED_AVAILABILITY = YES_AGGRESSIVE;
				CLANG_WARN_UNREACHABLE_CODE = YES;
				CLANG_WARN__DUPLICATE_METHOD_MATCH = YES;
				CODE_SIGN_IDENTITY = "iPhone Developer";
				COPY_PHASE_STRIP = NO;
				DEBUG_INFORMATION_FORMAT = dwarf;
				ENABLE_STRICT_OBJC_MSGSEND = YES;
				ENABLE_TESTABILITY = YES;
				GCC_C_LANGUAGE_STANDARD = gnu11;
				GCC_DYNAMIC_NO_PIC = NO;
				GCC_NO_COMMON_BLOCKS = YES;
				GCC_OPTIMIZATION_LEVEL = 0;
				GCC_PREPROCESSOR_DEFINITIONS = (
					"DEBUG=1",
					"$(inherited)",
				);
				GCC_WARN_64_TO_32_BIT_CONVERSION = YES;
				GCC_WARN_ABOUT_RETURN_TYPE = YES_ERROR;
				GCC_WARN_UNDECLARED_SELECTOR = YES;
				GCC_WARN_UNINITIALIZED_AUTOS = YES_AGGRESSIVE;
				GCC_WARN_UNUSED_FUNCTION = YES;
				GCC_WARN_UNUSED_VARIABLE = YES;
				IPHONEOS_DEPLOYMENT_TARGET = 11.4;
				MTL_ENABLE_DEBUG_INFO = YES;
				ONLY_ACTIVE_ARCH = YES;
				SDKROOT = iphoneos;
				SWIFT_ACTIVE_COMPILATION_CONDITIONS = DEBUG;
				SWIFT_OPTIMIZATION_LEVEL = "-Onone";
			};
			name = Debug;
		};
		DB270C7D2113131E00EE2CDC /* Release */ = {
			isa = XCBuildConfiguration;
			buildSettings = {
				ALWAYS_SEARCH_USER_PATHS = NO;
				CLANG_ANALYZER_NONNULL = YES;
				CLANG_ANALYZER_NUMBER_OBJECT_CONVERSION = YES_AGGRESSIVE;
				CLANG_CXX_LANGUAGE_STANDARD = "gnu++14";
				CLANG_CXX_LIBRARY = "libc++";
				CLANG_ENABLE_MODULES = YES;
				CLANG_ENABLE_OBJC_ARC = YES;
				CLANG_ENABLE_OBJC_WEAK = YES;
				CLANG_WARN_BLOCK_CAPTURE_AUTORELEASING = YES;
				CLANG_WARN_BOOL_CONVERSION = YES;
				CLANG_WARN_COMMA = YES;
				CLANG_WARN_CONSTANT_CONVERSION = YES;
				CLANG_WARN_DEPRECATED_OBJC_IMPLEMENTATIONS = YES;
				CLANG_WARN_DIRECT_OBJC_ISA_USAGE = YES_ERROR;
				CLANG_WARN_DOCUMENTATION_COMMENTS = YES;
				CLANG_WARN_EMPTY_BODY = YES;
				CLANG_WARN_ENUM_CONVERSION = YES;
				CLANG_WARN_INFINITE_RECURSION = YES;
				CLANG_WARN_INT_CONVERSION = YES;
				CLANG_WARN_NON_LITERAL_NULL_CONVERSION = YES;
				CLANG_WARN_OBJC_IMPLICIT_RETAIN_SELF = YES;
				CLANG_WARN_OBJC_LITERAL_CONVERSION = YES;
				CLANG_WARN_OBJC_ROOT_CLASS = YES_ERROR;
				CLANG_WARN_RANGE_LOOP_ANALYSIS = YES;
				CLANG_WARN_STRICT_PROTOTYPES = YES;
				CLANG_WARN_SUSPICIOUS_MOVE = YES;
				CLANG_WARN_UNGUARDED_AVAILABILITY = YES_AGGRESSIVE;
				CLANG_WARN_UNREACHABLE_CODE = YES;
				CLANG_WARN__DUPLICATE_METHOD_MATCH = YES;
				CODE_SIGN_IDENTITY = "iPhone Developer";
				COPY_PHASE_STRIP = NO;
				DEBUG_INFORMATION_FORMAT = "dwarf-with-dsym";
				ENABLE_NS_ASSERTIONS = NO;
				ENABLE_STRICT_OBJC_MSGSEND = YES;
				GCC_C_LANGUAGE_STANDARD = gnu11;
				GCC_NO_COMMON_BLOCKS = YES;
				GCC_WARN_64_TO_32_BIT_CONVERSION = YES;
				GCC_WARN_ABOUT_RETURN_TYPE = YES_ERROR;
				GCC_WARN_UNDECLARED_SELECTOR = YES;
				GCC_WARN_UNINITIALIZED_AUTOS = YES_AGGRESSIVE;
				GCC_WARN_UNUSED_FUNCTION = YES;
				GCC_WARN_UNUSED_VARIABLE = YES;
				IPHONEOS_DEPLOYMENT_TARGET = 11.4;
				MTL_ENABLE_DEBUG_INFO = NO;
				SDKROOT = iphoneos;
				SWIFT_COMPILATION_MODE = wholemodule;
				SWIFT_OPTIMIZATION_LEVEL = "-O";
				VALIDATE_PRODUCT = YES;
			};
			name = Release;
		};
		DB270C7F2113131E00EE2CDC /* Debug */ = {
			isa = XCBuildConfiguration;
			baseConfigurationReference = 6B7FA9A2C253D182F2BE379F /* Pods-WhereIsMyRick.debug.xcconfig */;
			buildSettings = {
				ASSETCATALOG_COMPILER_APPICON_NAME = AppIcon;
				CODE_SIGN_STYLE = Automatic;
				DEVELOPMENT_TEAM = C226648446;
				INFOPLIST_FILE = WhereIsMyRick/Info.plist;
				LD_RUNPATH_SEARCH_PATHS = (
					"$(inherited)",
					"@executable_path/Frameworks",
				);
				PRODUCT_BUNDLE_IDENTIFIER = com.showmax.WhereIsMyRick;
				PRODUCT_NAME = "$(TARGET_NAME)";
				SWIFT_VERSION = 4.0;
				TARGETED_DEVICE_FAMILY = "1,2";
			};
			name = Debug;
		};
		DB270C802113131E00EE2CDC /* Release */ = {
			isa = XCBuildConfiguration;
			baseConfigurationReference = 47A3E8BA13F8C543C4E1971E /* Pods-WhereIsMyRick.release.xcconfig */;
			buildSettings = {
				ASSETCATALOG_COMPILER_APPICON_NAME = AppIcon;
				CODE_SIGN_STYLE = Automatic;
				DEVELOPMENT_TEAM = C226648446;
				INFOPLIST_FILE = WhereIsMyRick/Info.plist;
				LD_RUNPATH_SEARCH_PATHS = (
					"$(inherited)",
					"@executable_path/Frameworks",
				);
				PRODUCT_BUNDLE_IDENTIFIER = com.showmax.WhereIsMyRick;
				PRODUCT_NAME = "$(TARGET_NAME)";
				SWIFT_VERSION = 4.0;
				TARGETED_DEVICE_FAMILY = "1,2";
			};
			name = Release;
		};
		DB447C32214291920090B816 /* Debug */ = {
			isa = XCBuildConfiguration;
			baseConfigurationReference = 102A442E6542B70CB2E82FC3 /* Pods-Calabash.debug.xcconfig */;
			buildSettings = {
				ASSETCATALOG_COMPILER_APPICON_NAME = AppIcon;
				CODE_SIGN_STYLE = Automatic;
				DEVELOPMENT_TEAM = C226648446;
				INFOPLIST_FILE = WhereIsMyRick/Info.plist;
				LD_RUNPATH_SEARCH_PATHS = (
					"$(inherited)",
					"@executable_path/Frameworks",
				);
				PRODUCT_BUNDLE_IDENTIFIER = com.showmax.WhereIsMyRick;
				PRODUCT_NAME = "$(TARGET_NAME)";
				SWIFT_VERSION = 4.0;
				TARGETED_DEVICE_FAMILY = "1,2";
			};
			name = Debug;
		};
		DB447C33214291920090B816 /* Release */ = {
			isa = XCBuildConfiguration;
			baseConfigurationReference = C651BA17CA625C2FA7822B26 /* Pods-Calabash.release.xcconfig */;
			buildSettings = {
				ASSETCATALOG_COMPILER_APPICON_NAME = AppIcon;
				CODE_SIGN_STYLE = Automatic;
				DEVELOPMENT_TEAM = C226648446;
				INFOPLIST_FILE = WhereIsMyRick/Info.plist;
				LD_RUNPATH_SEARCH_PATHS = (
					"$(inherited)",
					"@executable_path/Frameworks",
				);
				PRODUCT_BUNDLE_IDENTIFIER = com.showmax.WhereIsMyRick;
				PRODUCT_NAME = "$(TARGET_NAME)";
				SWIFT_VERSION = 4.0;
				TARGETED_DEVICE_FAMILY = "1,2";
			};
			name = Release;
		};
		DBA7AD8F211480BF00137296 /* Debug */ = {
			isa = XCBuildConfiguration;
			baseConfigurationReference = 431D9F867199D9E2CBCBC30C /* Pods-KIF.debug.xcconfig */;
			buildSettings = {
				BUNDLE_LOADER = "$(TEST_HOST)";
				CLANG_ENABLE_MODULES = YES;
				CODE_SIGN_STYLE = Automatic;
				DEVELOPMENT_TEAM = C226648446;
				INFOPLIST_FILE = KIF/Info.plist;
				IPHONEOS_DEPLOYMENT_TARGET = 12.0;
				LD_RUNPATH_SEARCH_PATHS = (
					"$(inherited)",
					"@executable_path/Frameworks",
					"@loader_path/Frameworks",
				);
				MTL_ENABLE_DEBUG_INFO = INCLUDE_SOURCE;
				MTL_FAST_MATH = YES;
				PRODUCT_BUNDLE_IDENTIFIER = com.showmax.KIF;
				PRODUCT_NAME = KIFTests;
				SWIFT_OPTIMIZATION_LEVEL = "-Onone";
				SWIFT_VERSION = 4.2;
				TARGETED_DEVICE_FAMILY = "1,2";
				TEST_HOST = "$(BUILT_PRODUCTS_DIR)/WhereIsMyRick.app/WhereIsMyRick";
			};
			name = Debug;
		};
		DBA7AD90211480BF00137296 /* Release */ = {
			isa = XCBuildConfiguration;
			baseConfigurationReference = 5750C1E65A97C4E938C412F6 /* Pods-KIF.release.xcconfig */;
			buildSettings = {
				BUNDLE_LOADER = "$(TEST_HOST)";
				CLANG_ENABLE_MODULES = YES;
				CODE_SIGN_STYLE = Automatic;
				DEVELOPMENT_TEAM = C226648446;
				INFOPLIST_FILE = KIF/Info.plist;
				IPHONEOS_DEPLOYMENT_TARGET = 12.0;
				LD_RUNPATH_SEARCH_PATHS = (
					"$(inherited)",
					"@executable_path/Frameworks",
					"@loader_path/Frameworks",
				);
				MTL_FAST_MATH = YES;
				PRODUCT_BUNDLE_IDENTIFIER = com.showmax.KIF;
				PRODUCT_NAME = KIFTests;
				SWIFT_VERSION = 4.2;
				TARGETED_DEVICE_FAMILY = "1,2";
				TEST_HOST = "$(BUILT_PRODUCTS_DIR)/WhereIsMyRick.app/WhereIsMyRick";
			};
			name = Release;
		};
		DBA7ADA32114977100137296 /* Debug */ = {
			isa = XCBuildConfiguration;
			buildSettings = {
				CODE_SIGN_STYLE = Automatic;
				DEVELOPMENT_TEAM = C226648446;
				INFOPLIST_FILE = XCUITests/Info.plist;
				IPHONEOS_DEPLOYMENT_TARGET = 12.0;
				LD_RUNPATH_SEARCH_PATHS = (
					"$(inherited)",
					"@executable_path/Frameworks",
					"@loader_path/Frameworks",
				);
				MTL_ENABLE_DEBUG_INFO = INCLUDE_SOURCE;
				MTL_FAST_MATH = YES;
				PRODUCT_BUNDLE_IDENTIFIER = com.showmax.XCUITests;
				PRODUCT_NAME = "$(TARGET_NAME)";
				SWIFT_VERSION = 4.2;
				TARGETED_DEVICE_FAMILY = "1,2";
				TEST_TARGET_NAME = WhereIsMyRick;
			};
			name = Debug;
		};
		DBA7ADA42114977100137296 /* Release */ = {
			isa = XCBuildConfiguration;
			buildSettings = {
				CODE_SIGN_STYLE = Automatic;
				DEVELOPMENT_TEAM = C226648446;
				INFOPLIST_FILE = XCUITests/Info.plist;
				IPHONEOS_DEPLOYMENT_TARGET = 12.0;
				LD_RUNPATH_SEARCH_PATHS = (
					"$(inherited)",
					"@executable_path/Frameworks",
					"@loader_path/Frameworks",
				);
				MTL_FAST_MATH = YES;
				PRODUCT_BUNDLE_IDENTIFIER = com.showmax.XCUITests;
				PRODUCT_NAME = "$(TARGET_NAME)";
				SWIFT_VERSION = 4.2;
				TARGETED_DEVICE_FAMILY = "1,2";
				TEST_TARGET_NAME = WhereIsMyRick;
			};
			name = Release;
		};
		DBA7ADB12114A8AB00137296 /* Debug */ = {
			isa = XCBuildConfiguration;
			baseConfigurationReference = DF9878C99B7E94BA8B0BBC39 /* Pods-EarlGrey.debug.xcconfig */;
			buildSettings = {
				BUNDLE_LOADER = "$(TEST_HOST)";
				CODE_SIGN_STYLE = Automatic;
				DEVELOPMENT_TEAM = C226648446;
				INFOPLIST_FILE = EarlGrey/Info.plist;
				IPHONEOS_DEPLOYMENT_TARGET = 12.0;
				LD_RUNPATH_SEARCH_PATHS = (
					"$(inherited)",
					"@executable_path/Frameworks",
					"@loader_path/Frameworks",
				);
				MTL_ENABLE_DEBUG_INFO = INCLUDE_SOURCE;
				MTL_FAST_MATH = YES;
				PRODUCT_BUNDLE_IDENTIFIER = com.showmax.EarlGrey;
				PRODUCT_NAME = EarlGreyTests;
				SWIFT_VERSION = 4.2;
				TARGETED_DEVICE_FAMILY = "1,2";
				TEST_HOST = "$(BUILT_PRODUCTS_DIR)/WhereIsMyRick.app/WhereIsMyRick";
			};
			name = Debug;
		};
		DBA7ADB22114A8AB00137296 /* Release */ = {
			isa = XCBuildConfiguration;
			baseConfigurationReference = F93CBFF53F58E669ACA38291 /* Pods-EarlGrey.release.xcconfig */;
			buildSettings = {
				BUNDLE_LOADER = "$(TEST_HOST)";
				CODE_SIGN_STYLE = Automatic;
				DEVELOPMENT_TEAM = C226648446;
				INFOPLIST_FILE = EarlGrey/Info.plist;
				IPHONEOS_DEPLOYMENT_TARGET = 12.0;
				LD_RUNPATH_SEARCH_PATHS = (
					"$(inherited)",
					"@executable_path/Frameworks",
					"@loader_path/Frameworks",
				);
				MTL_FAST_MATH = YES;
				PRODUCT_BUNDLE_IDENTIFIER = com.showmax.EarlGrey;
				PRODUCT_NAME = EarlGreyTests;
				SWIFT_VERSION = 4.2;
				TARGETED_DEVICE_FAMILY = "1,2";
				TEST_HOST = "$(BUILT_PRODUCTS_DIR)/WhereIsMyRick.app/WhereIsMyRick";
			};
			name = Release;
		};
/* End XCBuildConfiguration section */

/* Begin XCConfigurationList section */
		DB06236F2119AEB400EC03C5 /* Build configuration list for PBXAggregateTarget "Appium" */ = {
			isa = XCConfigurationList;
			buildConfigurations = (
				DB0623702119AEB400EC03C5 /* Debug */,
				DB0623712119AEB400EC03C5 /* Release */,
			);
			defaultConfigurationIsVisible = 0;
			defaultConfigurationName = Release;
		};
		DB270C672113131B00EE2CDC /* Build configuration list for PBXProject "WhereIsMyRick" */ = {
			isa = XCConfigurationList;
			buildConfigurations = (
				DB270C7C2113131E00EE2CDC /* Debug */,
				DB270C7D2113131E00EE2CDC /* Release */,
			);
			defaultConfigurationIsVisible = 0;
			defaultConfigurationName = Release;
		};
		DB270C7E2113131E00EE2CDC /* Build configuration list for PBXNativeTarget "WhereIsMyRick" */ = {
			isa = XCConfigurationList;
			buildConfigurations = (
				DB270C7F2113131E00EE2CDC /* Debug */,
				DB270C802113131E00EE2CDC /* Release */,
			);
			defaultConfigurationIsVisible = 0;
			defaultConfigurationName = Release;
		};
		DB447C31214291920090B816 /* Build configuration list for PBXNativeTarget "Calabash" */ = {
			isa = XCConfigurationList;
			buildConfigurations = (
				DB447C32214291920090B816 /* Debug */,
				DB447C33214291920090B816 /* Release */,
			);
			defaultConfigurationIsVisible = 0;
			defaultConfigurationName = Release;
		};
		DBA7AD8E211480BF00137296 /* Build configuration list for PBXNativeTarget "KIF" */ = {
			isa = XCConfigurationList;
			buildConfigurations = (
				DBA7AD8F211480BF00137296 /* Debug */,
				DBA7AD90211480BF00137296 /* Release */,
			);
			defaultConfigurationIsVisible = 0;
			defaultConfigurationName = Release;
		};
		DBA7ADA22114977100137296 /* Build configuration list for PBXNativeTarget "XCUITests" */ = {
			isa = XCConfigurationList;
			buildConfigurations = (
				DBA7ADA32114977100137296 /* Debug */,
				DBA7ADA42114977100137296 /* Release */,
			);
			defaultConfigurationIsVisible = 0;
			defaultConfigurationName = Release;
		};
		DBA7ADB32114A8AB00137296 /* Build configuration list for PBXNativeTarget "EarlGrey" */ = {
			isa = XCConfigurationList;
			buildConfigurations = (
				DBA7ADB12114A8AB00137296 /* Debug */,
				DBA7ADB22114A8AB00137296 /* Release */,
			);
			defaultConfigurationIsVisible = 0;
			defaultConfigurationName = Release;
		};
/* End XCConfigurationList section */
	};
	rootObject = DB270C642113131B00EE2CDC /* Project object */;
}
