// !$*UTF8*$!
{
	archiveVersion = 1;
	classes = {
	};
	objectVersion = 50;
	objects = {

/* Begin PBXBuildFile section */
		4E78A15D365E82F38DC6F4FF /* Pods_WhereIsMyRick.framework in Frameworks */ = {isa = PBXBuildFile; fileRef = 699753CE03E73AAF3B8F32FF /* Pods_WhereIsMyRick.framework */; };
		DB270C702113131B00EE2CDC /* AppDelegate.swift in Sources */ = {isa = PBXBuildFile; fileRef = DB270C6F2113131B00EE2CDC /* AppDelegate.swift */; };
		DB270C722113131B00EE2CDC /* ViewController.swift in Sources */ = {isa = PBXBuildFile; fileRef = DB270C712113131B00EE2CDC /* ViewController.swift */; };
		DB270C752113131B00EE2CDC /* Main.storyboard in Resources */ = {isa = PBXBuildFile; fileRef = DB270C732113131B00EE2CDC /* Main.storyboard */; };
		DB270C772113131E00EE2CDC /* Assets.xcassets in Resources */ = {isa = PBXBuildFile; fileRef = DB270C762113131E00EE2CDC /* Assets.xcassets */; };
		DB270C7A2113131E00EE2CDC /* LaunchScreen.storyboard in Resources */ = {isa = PBXBuildFile; fileRef = DB270C782113131E00EE2CDC /* LaunchScreen.storyboard */; };
/* End PBXBuildFile section */

/* Begin PBXFileReference section */
		47A3E8BA13F8C543C4E1971E /* Pods-WhereIsMyRick.release.xcconfig */ = {isa = PBXFileReference; includeInIndex = 1; lastKnownFileType = text.xcconfig; name = "Pods-WhereIsMyRick.release.xcconfig"; path = "Pods/Target Support Files/Pods-WhereIsMyRick/Pods-WhereIsMyRick.release.xcconfig"; sourceTree = "<group>"; };
		699753CE03E73AAF3B8F32FF /* Pods_WhereIsMyRick.framework */ = {isa = PBXFileReference; explicitFileType = wrapper.framework; includeInIndex = 0; path = Pods_WhereIsMyRick.framework; sourceTree = BUILT_PRODUCTS_DIR; };
		6B7FA9A2C253D182F2BE379F /* Pods-WhereIsMyRick.debug.xcconfig */ = {isa = PBXFileReference; includeInIndex = 1; lastKnownFileType = text.xcconfig; name = "Pods-WhereIsMyRick.debug.xcconfig"; path = "Pods/Target Support Files/Pods-WhereIsMyRick/Pods-WhereIsMyRick.debug.xcconfig"; sourceTree = "<group>"; };
		DB270C6C2113131B00EE2CDC /* WhereIsMyRick.app */ = {isa = PBXFileReference; explicitFileType = wrapper.application; includeInIndex = 0; path = WhereIsMyRick.app; sourceTree = BUILT_PRODUCTS_DIR; };
		DB270C6F2113131B00EE2CDC /* AppDelegate.swift */ = {isa = PBXFileReference; lastKnownFileType = sourcecode.swift; path = AppDelegate.swift; sourceTree = "<group>"; };
		DB270C712113131B00EE2CDC /* ViewController.swift */ = {isa = PBXFileReference; lastKnownFileType = sourcecode.swift; path = ViewController.swift; sourceTree = "<group>"; };
		DB270C742113131B00EE2CDC /* Base */ = {isa = PBXFileReference; lastKnownFileType = file.storyboard; name = Base; path = Base.lproj/Main.storyboard; sourceTree = "<group>"; };
		DB270C762113131E00EE2CDC /* Assets.xcassets */ = {isa = PBXFileReference; lastKnownFileType = folder.assetcatalog; path = Assets.xcassets; sourceTree = "<group>"; };
		DB270C792113131E00EE2CDC /* Base */ = {isa = PBXFileReference; lastKnownFileType = file.storyboard; name = Base; path = Base.lproj/LaunchScreen.storyboard; sourceTree = "<group>"; };
		DB270C7B2113131E00EE2CDC /* Info.plist */ = {isa = PBXFileReference; lastKnownFileType = text.plist.xml; path = Info.plist; sourceTree = "<group>"; };
/* End PBXFileReference section */

/* Begin PBXFrameworksBuildPhase section */
		DB270C692113131B00EE2CDC /* Frameworks */ = {
			isa = PBXFrameworksBuildPhase;
			buildActionMask = 2147483647;
			files = (
				4E78A15D365E82F38DC6F4FF /* Pods_WhereIsMyRick.framework in Frameworks */,
			);
			runOnlyForDeploymentPostprocessing = 0;
		};
/* End PBXFrameworksBuildPhase section */

/* Begin PBXGroup section */
		1AB027E660C228D9E87FBF72 /* Frameworks */ = {
			isa = PBXGroup;
			children = (
				699753CE03E73AAF3B8F32FF /* Pods_WhereIsMyRick.framework */,
			);
			name = Frameworks;
			sourceTree = "<group>";
		};
		45B1733434293F1EB2496F05 /* Pods */ = {
			isa = PBXGroup;
			children = (
				6B7FA9A2C253D182F2BE379F /* Pods-WhereIsMyRick.debug.xcconfig */,
				47A3E8BA13F8C543C4E1971E /* Pods-WhereIsMyRick.release.xcconfig */,
			);
			name = Pods;
			sourceTree = "<group>";
		};
		DB270C632113131B00EE2CDC = {
			isa = PBXGroup;
			children = (
				DB270C6E2113131B00EE2CDC /* WhereIsMyRick */,
				DB270C6D2113131B00EE2CDC /* Products */,
				45B1733434293F1EB2496F05 /* Pods */,
				1AB027E660C228D9E87FBF72 /* Frameworks */,
			);
			sourceTree = "<group>";
		};
		DB270C6D2113131B00EE2CDC /* Products */ = {
			isa = PBXGroup;
			children = (
				DB270C6C2113131B00EE2CDC /* WhereIsMyRick.app */,
			);
			name = Products;
			sourceTree = "<group>";
		};
		DB270C6E2113131B00EE2CDC /* WhereIsMyRick */ = {
			isa = PBXGroup;
			children = (
				DB270C6F2113131B00EE2CDC /* AppDelegate.swift */,
				DB270C712113131B00EE2CDC /* ViewController.swift */,
				DB270C732113131B00EE2CDC /* Main.storyboard */,
				DB270C762113131E00EE2CDC /* Assets.xcassets */,
				DB270C782113131E00EE2CDC /* LaunchScreen.storyboard */,
				DB270C7B2113131E00EE2CDC /* Info.plist */,
			);
			path = WhereIsMyRick;
			sourceTree = "<group>";
		};
/* End PBXGroup section */

/* Begin PBXNativeTarget section */
		DB270C6B2113131B00EE2CDC /* WhereIsMyRick */ = {
			isa = PBXNativeTarget;
			buildConfigurationList = DB270C7E2113131E00EE2CDC /* Build configuration list for PBXNativeTarget "WhereIsMyRick" */;
			buildPhases = (
				0343BCDCFAFDD8A3A88698E2 /* [CP] Check Pods Manifest.lock */,
				DB270C682113131B00EE2CDC /* Sources */,
				DB270C692113131B00EE2CDC /* Frameworks */,
				DB270C6A2113131B00EE2CDC /* Resources */,
			);
			buildRules = (
			);
			dependencies = (
			);
			name = WhereIsMyRick;
			productName = WhereIsMyRick;
			productReference = DB270C6C2113131B00EE2CDC /* WhereIsMyRick.app */;
			productType = "com.apple.product-type.application";
		};
/* End PBXNativeTarget section */

/* Begin PBXProject section */
		DB270C642113131B00EE2CDC /* Project object */ = {
			isa = PBXProject;
			attributes = {
				LastSwiftUpdateCheck = 0940;
				LastUpgradeCheck = 0940;
				ORGANIZATIONNAME = showmax;
				TargetAttributes = {
					DB270C6B2113131B00EE2CDC = {
						CreatedOnToolsVersion = 9.4.1;
					};
				};
			};
			buildConfigurationList = DB270C672113131B00EE2CDC /* Build configuration list for PBXProject "WhereIsMyRick" */;
			compatibilityVersion = "Xcode 9.3";
			developmentRegion = en;
			hasScannedForEncodings = 0;
			knownRegions = (
				en,
				Base,
			);
			mainGroup = DB270C632113131B00EE2CDC;
			productRefGroup = DB270C6D2113131B00EE2CDC /* Products */;
			projectDirPath = "";
			projectRoot = "";
			targets = (
				DB270C6B2113131B00EE2CDC /* WhereIsMyRick */,
			);
		};
/* End PBXProject section */

/* Begin PBXResourcesBuildPhase section */
		DB270C6A2113131B00EE2CDC /* Resources */ = {
			isa = PBXResourcesBuildPhase;
			buildActionMask = 2147483647;
			files = (
				DB270C7A2113131E00EE2CDC /* LaunchScreen.storyboard in Resources */,
				DB270C772113131E00EE2CDC /* Assets.xcassets in Resources */,
				DB270C752113131B00EE2CDC /* Main.storyboard in Resources */,
			);
			runOnlyForDeploymentPostprocessing = 0;
		};
/* End PBXResourcesBuildPhase section */

/* Begin PBXShellScriptBuildPhase section */
		0343BCDCFAFDD8A3A88698E2 /* [CP] Check Pods Manifest.lock */ = {
			isa = PBXShellScriptBuildPhase;
			buildActionMask = 2147483647;
			files = (
			);
			inputPaths = (
				"${PODS_PODFILE_DIR_PATH}/Podfile.lock",
				"${PODS_ROOT}/Manifest.lock",
			);
			name = "[CP] Check Pods Manifest.lock";
			outputPaths = (
				"$(DERIVED_FILE_DIR)/Pods-WhereIsMyRick-checkManifestLockResult.txt",
			);
			runOnlyForDeploymentPostprocessing = 0;
			shellPath = /bin/sh;
			shellScript = "diff \"${PODS_PODFILE_DIR_PATH}/Podfile.lock\" \"${PODS_ROOT}/Manifest.lock\" > /dev/null\nif [ $? != 0 ] ; then\n    # print error to STDERR\n    echo \"error: The sandbox is not in sync with the Podfile.lock. Run 'pod install' or update your CocoaPods installation.\" >&2\n    exit 1\nfi\n# This output is used by Xcode 'outputs' to avoid re-running this script phase.\necho \"SUCCESS\" > \"${SCRIPT_OUTPUT_FILE_0}\"\n";
			showEnvVarsInLog = 0;
		};
/* End PBXShellScriptBuildPhase section */

/* Begin PBXSourcesBuildPhase section */
		DB270C682113131B00EE2CDC /* Sources */ = {
			isa = PBXSourcesBuildPhase;
			buildActionMask = 2147483647;
			files = (
				DB270C722113131B00EE2CDC /* ViewController.swift in Sources */,
				DB270C702113131B00EE2CDC /* AppDelegate.swift in Sources */,
			);
			runOnlyForDeploymentPostprocessing = 0;
		};
/* End PBXSourcesBuildPhase section */

/* Begin PBXVariantGroup section */
		DB270C732113131B00EE2CDC /* Main.storyboard */ = {
			isa = PBXVariantGroup;
			children = (
				DB270C742113131B00EE2CDC /* Base */,
			);
			name = Main.storyboard;
			sourceTree = "<group>";
		};
		DB270C782113131E00EE2CDC /* LaunchScreen.storyboard */ = {
			isa = PBXVariantGroup;
			children = (
				DB270C792113131E00EE2CDC /* Base */,
			);
			name = LaunchScreen.storyboard;
			sourceTree = "<group>";
		};
/* End PBXVariantGroup section */

/* Begin XCBuildConfiguration section */
		DB270C7C2113131E00EE2CDC /* Debug */ = {
			isa = XCBuildConfiguration;
			buildSettings = {
				ALWAYS_SEARCH_USER_PATHS = NO;
				CLANG_ANALYZER_NONNULL = YES;
				CLANG_ANALYZER_NUMBER_OBJECT_CONVERSION = YES_AGGRESSIVE;
				CLANG_CXX_LANGUAGE_STANDARD = "gnu++14";
				CLANG_CXX_LIBRARY = "libc++";
				CLANG_ENABLE_MODULES = YES;
				CLANG_ENABLE_OBJC_ARC = YES;
				CLANG_ENABLE_OBJC_WEAK = YES;
				CLANG_WARN_BLOCK_CAPTURE_AUTORELEASING = YES;
				CLANG_WARN_BOOL_CONVERSION = YES;
				CLANG_WARN_COMMA = YES;
				CLANG_WARN_CONSTANT_CONVERSION = YES;
				CLANG_WARN_DEPRECATED_OBJC_IMPLEMENTATIONS = YES;
				CLANG_WARN_DIRECT_OBJC_ISA_USAGE = YES_ERROR;
				CLANG_WARN_DOCUMENTATION_COMMENTS = YES;
				CLANG_WARN_EMPTY_BODY = YES;
				CLANG_WARN_ENUM_CONVERSION = YES;
				CLANG_WARN_INFINITE_RECURSION = YES;
				CLANG_WARN_INT_CONVERSION = YES;
				CLANG_WARN_NON_LITERAL_NULL_CONVERSION = YES;
				CLANG_WARN_OBJC_IMPLICIT_RETAIN_SELF = YES;
				CLANG_WARN_OBJC_LITERAL_CONVERSION = YES;
				CLANG_WARN_OBJC_ROOT_CLASS = YES_ERROR;
				CLANG_WARN_RANGE_LOOP_ANALYSIS = YES;
				CLANG_WARN_STRICT_PROTOTYPES = YES;
				CLANG_WARN_SUSPICIOUS_MOVE = YES;
				CLANG_WARN_UNGUARDED_AVAILABILITY = YES_AGGRESSIVE;
				CLANG_WARN_UNREACHABLE_CODE = YES;
				CLANG_WARN__DUPLICATE_METHOD_MATCH = YES;
				CODE_SIGN_IDENTITY = "iPhone Developer";
				COPY_PHASE_STRIP = NO;
				DEBUG_INFORMATION_FORMAT = dwarf;
				ENABLE_STRICT_OBJC_MSGSEND = YES;
				ENABLE_TESTABILITY = YES;
				GCC_C_LANGUAGE_STANDARD = gnu11;
				GCC_DYNAMIC_NO_PIC = NO;
				GCC_NO_COMMON_BLOCKS = YES;
				GCC_OPTIMIZATION_LEVEL = 0;
				GCC_PREPROCESSOR_DEFINITIONS = (
					"DEBUG=1",
					"$(inherited)",
				);
				GCC_WARN_64_TO_32_BIT_CONVERSION = YES;
				GCC_WARN_ABOUT_RETURN_TYPE = YES_ERROR;
				GCC_WARN_UNDECLARED_SELECTOR = YES;
				GCC_WARN_UNINITIALIZED_AUTOS = YES_AGGRESSIVE;
				GCC_WARN_UNUSED_FUNCTION = YES;
				GCC_WARN_UNUSED_VARIABLE = YES;
				IPHONEOS_DEPLOYMENT_TARGET = 11.4;
				MTL_ENABLE_DEBUG_INFO = YES;
				ONLY_ACTIVE_ARCH = YES;
				SDKROOT = iphoneos;
				SWIFT_ACTIVE_COMPILATION_CONDITIONS = DEBUG;
				SWIFT_OPTIMIZATION_LEVEL = "-Onone";
			};
			name = Debug;
		};
		DB270C7D2113131E00EE2CDC /* Release */ = {
			isa = XCBuildConfiguration;
			buildSettings = {
				ALWAYS_SEARCH_USER_PATHS = NO;
				CLANG_ANALYZER_NONNULL = YES;
				CLANG_ANALYZER_NUMBER_OBJECT_CONVERSION = YES_AGGRESSIVE;
				CLANG_CXX_LANGUAGE_STANDARD = "gnu++14";
				CLANG_CXX_LIBRARY = "libc++";
				CLANG_ENABLE_MODULES = YES;
				CLANG_ENABLE_OBJC_ARC = YES;
				CLANG_ENABLE_OBJC_WEAK = YES;
				CLANG_WARN_BLOCK_CAPTURE_AUTORELEASING = YES;
				CLANG_WARN_BOOL_CONVERSION = YES;
				CLANG_WARN_COMMA = YES;
				CLANG_WARN_CONSTANT_CONVERSION = YES;
				CLANG_WARN_DEPRECATED_OBJC_IMPLEMENTATIONS = YES;
				CLANG_WARN_DIRECT_OBJC_ISA_USAGE = YES_ERROR;
				CLANG_WARN_DOCUMENTATION_COMMENTS = YES;
				CLANG_WARN_EMPTY_BODY = YES;
				CLANG_WARN_ENUM_CONVERSION = YES;
				CLANG_WARN_INFINITE_RECURSION = YES;
				CLANG_WARN_INT_CONVERSION = YES;
				CLANG_WARN_NON_LITERAL_NULL_CONVERSION = YES;
				CLANG_WARN_OBJC_IMPLICIT_RETAIN_SELF = YES;
				CLANG_WARN_OBJC_LITERAL_CONVERSION = YES;
				CLANG_WARN_OBJC_ROOT_CLASS = YES_ERROR;
				CLANG_WARN_RANGE_LOOP_ANALYSIS = YES;
				CLANG_WARN_STRICT_PROTOTYPES = YES;
				CLANG_WARN_SUSPICIOUS_MOVE = YES;
				CLANG_WARN_UNGUARDED_AVAILABILITY = YES_AGGRESSIVE;
				CLANG_WARN_UNREACHABLE_CODE = YES;
				CLANG_WARN__DUPLICATE_METHOD_MATCH = YES;
				CODE_SIGN_IDENTITY = "iPhone Developer";
				COPY_PHASE_STRIP = NO;
				DEBUG_INFORMATION_FORMAT = "dwarf-with-dsym";
				ENABLE_NS_ASSERTIONS = NO;
				ENABLE_STRICT_OBJC_MSGSEND = YES;
				GCC_C_LANGUAGE_STANDARD = gnu11;
				GCC_NO_COMMON_BLOCKS = YES;
				GCC_WARN_64_TO_32_BIT_CONVERSION = YES;
				GCC_WARN_ABOUT_RETURN_TYPE = YES_ERROR;
				GCC_WARN_UNDECLARED_SELECTOR = YES;
				GCC_WARN_UNINITIALIZED_AUTOS = YES_AGGRESSIVE;
				GCC_WARN_UNUSED_FUNCTION = YES;
				GCC_WARN_UNUSED_VARIABLE = YES;
				IPHONEOS_DEPLOYMENT_TARGET = 11.4;
				MTL_ENABLE_DEBUG_INFO = NO;
				SDKROOT = iphoneos;
				SWIFT_COMPILATION_MODE = wholemodule;
				SWIFT_OPTIMIZATION_LEVEL = "-O";
				VALIDATE_PRODUCT = YES;
			};
			name = Release;
		};
		DB270C7F2113131E00EE2CDC /* Debug */ = {
			isa = XCBuildConfiguration;
			baseConfigurationReference = 6B7FA9A2C253D182F2BE379F /* Pods-WhereIsMyRick.debug.xcconfig */;
			buildSettings = {
				ASSETCATALOG_COMPILER_APPICON_NAME = AppIcon;
				CODE_SIGN_STYLE = Automatic;
				DEVELOPMENT_TEAM = C226648446;
				INFOPLIST_FILE = WhereIsMyRick/Info.plist;
				LD_RUNPATH_SEARCH_PATHS = "$(inherited) @executable_path/Frameworks";
				PRODUCT_BUNDLE_IDENTIFIER = com.showmax.WhereIsMyRick;
				PRODUCT_NAME = "$(TARGET_NAME)";
				SWIFT_VERSION = 4.0;
				TARGETED_DEVICE_FAMILY = "1,2";
			};
			name = Debug;
		};
		DB270C802113131E00EE2CDC /* Release */ = {
			isa = XCBuildConfiguration;
			baseConfigurationReference = 47A3E8BA13F8C543C4E1971E /* Pods-WhereIsMyRick.release.xcconfig */;
			buildSettings = {
				ASSETCATALOG_COMPILER_APPICON_NAME = AppIcon;
				CODE_SIGN_STYLE = Automatic;
				DEVELOPMENT_TEAM = C226648446;
				INFOPLIST_FILE = WhereIsMyRick/Info.plist;
				LD_RUNPATH_SEARCH_PATHS = "$(inherited) @executable_path/Frameworks";
				PRODUCT_BUNDLE_IDENTIFIER = com.showmax.WhereIsMyRick;
				PRODUCT_NAME = "$(TARGET_NAME)";
				SWIFT_VERSION = 4.0;
				TARGETED_DEVICE_FAMILY = "1,2";
			};
			name = Release;
		};
/* End XCBuildConfiguration section */

/* Begin XCConfigurationList section */
		DB270C672113131B00EE2CDC /* Build configuration list for PBXProject "WhereIsMyRick" */ = {
			isa = XCConfigurationList;
			buildConfigurations = (
				DB270C7C2113131E00EE2CDC /* Debug */,
				DB270C7D2113131E00EE2CDC /* Release */,
			);
			defaultConfigurationIsVisible = 0;
			defaultConfigurationName = Release;
		};
		DB270C7E2113131E00EE2CDC /* Build configuration list for PBXNativeTarget "WhereIsMyRick" */ = {
			isa = XCConfigurationList;
			buildConfigurations = (
				DB270C7F2113131E00EE2CDC /* Debug */,
				DB270C802113131E00EE2CDC /* Release */,
			);
			defaultConfigurationIsVisible = 0;
			defaultConfigurationName = Release;
		};
/* End XCConfigurationList section */
	};
	rootObject = DB270C642113131B00EE2CDC /* Project object */;
}
